
Microsoft Visual Studio Solution File, Format Version 12.00
Project("{FAE04EC0-301F-11D3-BF4B-00C04F79EFBC}") = "TechnikumDirekt.Services.Models", "Services\TechnikumDirekt.Services.Models\TechnikumDirekt.Services.Models.csproj", "{702CA8C5-32AB-4DF8-A61C-FD76587447F8}"
EndProject
Project("{FAE04EC0-301F-11D3-BF4B-00C04F79EFBC}") = "TechnikumDirekt.Services.Interfaces", "Services\TechnikumDirekt.Services.Interfaces\TechnikumDirekt.Services.Interfaces.csproj", "{99820DBC-153F-4AA5-83CB-F8DBFA5C09B3}"
EndProject
Project("{FAE04EC0-301F-11D3-BF4B-00C04F79EFBC}") = "TechnikumDirekt.Services", "Services\TechnikumDirekt.Services\TechnikumDirekt.Services.csproj", "{0DDBC80F-FE9C-4B19-AD33-A9307BE8E7DE}"
EndProject
Project("{FAE04EC0-301F-11D3-BF4B-00C04F79EFBC}") = "TechnikumDirekt.Services.Tests", "Services\TechnikumDirekt.Services.Tests\TechnikumDirekt.Services.Tests.csproj", "{423E6972-78BF-427A-A642-8E2B6178997D}"
EndProject
Project("{2150E333-8FDC-42A3-9474-1A3956D46DE8}") = "Services", "Services", "{D4D483FF-AC5D-4416-B2AE-62BE36611CD7}"
EndProject
Project("{2150E333-8FDC-42A3-9474-1A3956D46DE8}") = "BusinessLogic", "BusinessLogic", "{78B9EACD-76FA-4869-BF27-A68830F462C8}"
EndProject
Project("{FAE04EC0-301F-11D3-BF4B-00C04F79EFBC}") = "TechnikumDirekt.BusinessLogic", "BusinessLogic\TechnikumDirekt.BusinessLogic\TechnikumDirekt.BusinessLogic.csproj", "{0E2B6215-37F3-4AC2-AF23-61CD438FD804}"
EndProject
Project("{FAE04EC0-301F-11D3-BF4B-00C04F79EFBC}") = "TechnikumDirekt.BusinessLogic.Models", "BusinessLogic\TechnikumDirekt.BusinessLogic.Models\TechnikumDirekt.BusinessLogic.Models.csproj", "{5B78D467-DCCC-4D51-B5EA-4792F95BFE9B}"
EndProject
Project("{FAE04EC0-301F-11D3-BF4B-00C04F79EFBC}") = "TechnikumDirekt.BusinessLogic.Interfaces", "BusinessLogic\TechnikumDirekt.BusinessLogic.Interfaces\TechnikumDirekt.BusinessLogic.Interfaces.csproj", "{E033C0AD-CD60-4E07-AAC8-E12450EDFAC4}"
EndProject
Project("{FAE04EC0-301F-11D3-BF4B-00C04F79EFBC}") = "TechnikumDirekt.BusinessLogic.Tests", "BusinessLogic\TechnikumDirekt.BusinessLogic.Tests\TechnikumDirekt.BusinessLogic.Tests.csproj", "{BF2415DA-EC6D-4B6B-AD5D-4292F7B8D767}"
EndProject
Project("{2150E333-8FDC-42A3-9474-1A3956D46DE8}") = "DataAccess", "DataAccess", "{773A4B86-2EDD-4B20-A70D-ECE16500BDCB}"
EndProject
Project("{FAE04EC0-301F-11D3-BF4B-00C04F79EFBC}") = "TechnikumDirekt.DataAccess.Sql", "DataAccess\TechnikumDirekt.DataAccess.Sql\TechnikumDirekt.DataAccess.Sql.csproj", "{DACB2FDD-76C2-4C4B-9A2D-EFACBFC07271}"
EndProject
Project("{FAE04EC0-301F-11D3-BF4B-00C04F79EFBC}") = "TechnikumDirekt.DataAccess.Interfaces", "DataAccess\TechnikumDirekt.DataAccess.Interfaces\TechnikumDirekt.DataAccess.Interfaces.csproj", "{D3DF4483-FC72-46B4-90F4-7397359CC73C}"
EndProject
Project("{FAE04EC0-301F-11D3-BF4B-00C04F79EFBC}") = "TechnikumDirekt.DataAccess.Models", "DataAccess\TechnikumDirekt.DataAccess.Models\TechnikumDirekt.DataAccess.Models.csproj", "{A054C34D-9A2A-4BCF-B4D7-DC905CE08F31}"
EndProject
Project("{FAE04EC0-301F-11D3-BF4B-00C04F79EFBC}") = "TechnikumDirekt.DataAccess.Tests", "DataAccess\TechnikumDirekt.DataAccess.Tests\TechnikumDirekt.DataAccess.Tests.csproj", "{4B7DA7B3-8790-4DDF-B630-14E7942EB3B7}"
EndProject
Project("{2150E333-8FDC-42A3-9474-1A3956D46DE8}") = "ServiceAgents", "ServiceAgents", "{9815FED8-32BC-48F8-B8A2-91A7C7EB519C}"
EndProject
Project("{FAE04EC0-301F-11D3-BF4B-00C04F79EFBC}") = "TechnikumDirekt.ServiceAgents", "ServiceAgents\TechnikumDirekt.ServiceAgents\TechnikumDirekt.ServiceAgents.csproj", "{22F63357-ED5B-428D-9F97-C4773B9923AF}"
EndProject
Project("{FAE04EC0-301F-11D3-BF4B-00C04F79EFBC}") = "TechnikumDirekt.ServiceAgents.Interfaces", "ServiceAgents\TechnikumDirekt.ServiceAgents.Interfaces\TechnikumDirekt.ServiceAgents.Interfaces.csproj", "{9452E01B-EF8D-4C0F-9599-528D46E12AA5}"
EndProject
Project("{FAE04EC0-301F-11D3-BF4B-00C04F79EFBC}") = "TechnikumDirekt.ServiceAgents.Models", "ServiceAgents\TechnikumDirekt.ServiceAgents.Models\TechnikumDirekt.ServiceAgents.Models.csproj", "{6AC62991-0A07-4BB2-8861-B9D48D725A07}"
EndProject
Project("{FAE04EC0-301F-11D3-BF4B-00C04F79EFBC}") = "TechnikumDirekt.ServiceAgents.Tests", "ServiceAgents\TechnikumDirekt.ServiceAgents.Tests\TechnikumDirekt.ServiceAgents.Tests.csproj", "{2639D1D2-F45D-47E0-B11C-0ECB1D67D55F}"
EndProject
Global
	GlobalSection(SolutionConfigurationPlatforms) = preSolution
		Debug|Any CPU = Debug|Any CPU
		Release|Any CPU = Release|Any CPU
	EndGlobalSection
	GlobalSection(ProjectConfigurationPlatforms) = postSolution
		{702CA8C5-32AB-4DF8-A61C-FD76587447F8}.Debug|Any CPU.ActiveCfg = Debug|Any CPU
		{702CA8C5-32AB-4DF8-A61C-FD76587447F8}.Debug|Any CPU.Build.0 = Debug|Any CPU
		{702CA8C5-32AB-4DF8-A61C-FD76587447F8}.Release|Any CPU.ActiveCfg = Release|Any CPU
		{702CA8C5-32AB-4DF8-A61C-FD76587447F8}.Release|Any CPU.Build.0 = Release|Any CPU
		{99820DBC-153F-4AA5-83CB-F8DBFA5C09B3}.Debug|Any CPU.ActiveCfg = Debug|Any CPU
		{99820DBC-153F-4AA5-83CB-F8DBFA5C09B3}.Debug|Any CPU.Build.0 = Debug|Any CPU
		{99820DBC-153F-4AA5-83CB-F8DBFA5C09B3}.Release|Any CPU.ActiveCfg = Release|Any CPU
		{99820DBC-153F-4AA5-83CB-F8DBFA5C09B3}.Release|Any CPU.Build.0 = Release|Any CPU
		{0DDBC80F-FE9C-4B19-AD33-A9307BE8E7DE}.Debug|Any CPU.ActiveCfg = Debug|Any CPU
		{0DDBC80F-FE9C-4B19-AD33-A9307BE8E7DE}.Debug|Any CPU.Build.0 = Debug|Any CPU
		{0DDBC80F-FE9C-4B19-AD33-A9307BE8E7DE}.Release|Any CPU.ActiveCfg = Release|Any CPU
		{0DDBC80F-FE9C-4B19-AD33-A9307BE8E7DE}.Release|Any CPU.Build.0 = Release|Any CPU
		{423E6972-78BF-427A-A642-8E2B6178997D}.Debug|Any CPU.ActiveCfg = Debug|Any CPU
		{423E6972-78BF-427A-A642-8E2B6178997D}.Debug|Any CPU.Build.0 = Debug|Any CPU
		{423E6972-78BF-427A-A642-8E2B6178997D}.Release|Any CPU.ActiveCfg = Release|Any CPU
		{423E6972-78BF-427A-A642-8E2B6178997D}.Release|Any CPU.Build.0 = Release|Any CPU
		{0E2B6215-37F3-4AC2-AF23-61CD438FD804}.Debug|Any CPU.ActiveCfg = Debug|Any CPU
		{0E2B6215-37F3-4AC2-AF23-61CD438FD804}.Debug|Any CPU.Build.0 = Debug|Any CPU
		{0E2B6215-37F3-4AC2-AF23-61CD438FD804}.Release|Any CPU.ActiveCfg = Release|Any CPU
		{0E2B6215-37F3-4AC2-AF23-61CD438FD804}.Release|Any CPU.Build.0 = Release|Any CPU
		{5B78D467-DCCC-4D51-B5EA-4792F95BFE9B}.Debug|Any CPU.ActiveCfg = Debug|Any CPU
		{5B78D467-DCCC-4D51-B5EA-4792F95BFE9B}.Debug|Any CPU.Build.0 = Debug|Any CPU
		{5B78D467-DCCC-4D51-B5EA-4792F95BFE9B}.Release|Any CPU.ActiveCfg = Release|Any CPU
		{5B78D467-DCCC-4D51-B5EA-4792F95BFE9B}.Release|Any CPU.Build.0 = Release|Any CPU
		{E033C0AD-CD60-4E07-AAC8-E12450EDFAC4}.Debug|Any CPU.ActiveCfg = Debug|Any CPU
		{E033C0AD-CD60-4E07-AAC8-E12450EDFAC4}.Debug|Any CPU.Build.0 = Debug|Any CPU
		{E033C0AD-CD60-4E07-AAC8-E12450EDFAC4}.Release|Any CPU.ActiveCfg = Release|Any CPU
		{E033C0AD-CD60-4E07-AAC8-E12450EDFAC4}.Release|Any CPU.Build.0 = Release|Any CPU
		{BF2415DA-EC6D-4B6B-AD5D-4292F7B8D767}.Debug|Any CPU.ActiveCfg = Debug|Any CPU
		{BF2415DA-EC6D-4B6B-AD5D-4292F7B8D767}.Debug|Any CPU.Build.0 = Debug|Any CPU
		{BF2415DA-EC6D-4B6B-AD5D-4292F7B8D767}.Release|Any CPU.ActiveCfg = Release|Any CPU
		{BF2415DA-EC6D-4B6B-AD5D-4292F7B8D767}.Release|Any CPU.Build.0 = Release|Any CPU
		{DACB2FDD-76C2-4C4B-9A2D-EFACBFC07271}.Debug|Any CPU.ActiveCfg = Debug|Any CPU
		{DACB2FDD-76C2-4C4B-9A2D-EFACBFC07271}.Debug|Any CPU.Build.0 = Debug|Any CPU
		{DACB2FDD-76C2-4C4B-9A2D-EFACBFC07271}.Release|Any CPU.ActiveCfg = Release|Any CPU
		{DACB2FDD-76C2-4C4B-9A2D-EFACBFC07271}.Release|Any CPU.Build.0 = Release|Any CPU
		{D3DF4483-FC72-46B4-90F4-7397359CC73C}.Debug|Any CPU.ActiveCfg = Debug|Any CPU
		{D3DF4483-FC72-46B4-90F4-7397359CC73C}.Debug|Any CPU.Build.0 = Debug|Any CPU
		{D3DF4483-FC72-46B4-90F4-7397359CC73C}.Release|Any CPU.ActiveCfg = Release|Any CPU
		{D3DF4483-FC72-46B4-90F4-7397359CC73C}.Release|Any CPU.Build.0 = Release|Any CPU
		{A054C34D-9A2A-4BCF-B4D7-DC905CE08F31}.Debug|Any CPU.ActiveCfg = Debug|Any CPU
		{A054C34D-9A2A-4BCF-B4D7-DC905CE08F31}.Debug|Any CPU.Build.0 = Debug|Any CPU
		{A054C34D-9A2A-4BCF-B4D7-DC905CE08F31}.Release|Any CPU.ActiveCfg = Release|Any CPU
		{A054C34D-9A2A-4BCF-B4D7-DC905CE08F31}.Release|Any CPU.Build.0 = Release|Any CPU
		{4B7DA7B3-8790-4DDF-B630-14E7942EB3B7}.Debug|Any CPU.ActiveCfg = Debug|Any CPU
		{4B7DA7B3-8790-4DDF-B630-14E7942EB3B7}.Debug|Any CPU.Build.0 = Debug|Any CPU
		{4B7DA7B3-8790-4DDF-B630-14E7942EB3B7}.Release|Any CPU.ActiveCfg = Release|Any CPU
		{4B7DA7B3-8790-4DDF-B630-14E7942EB3B7}.Release|Any CPU.Build.0 = Release|Any CPU
		{22F63357-ED5B-428D-9F97-C4773B9923AF}.Debug|Any CPU.ActiveCfg = Debug|Any CPU
		{22F63357-ED5B-428D-9F97-C4773B9923AF}.Debug|Any CPU.Build.0 = Debug|Any CPU
		{22F63357-ED5B-428D-9F97-C4773B9923AF}.Release|Any CPU.ActiveCfg = Release|Any CPU
		{22F63357-ED5B-428D-9F97-C4773B9923AF}.Release|Any CPU.Build.0 = Release|Any CPU
		{9452E01B-EF8D-4C0F-9599-528D46E12AA5}.Debug|Any CPU.ActiveCfg = Debug|Any CPU
		{9452E01B-EF8D-4C0F-9599-528D46E12AA5}.Debug|Any CPU.Build.0 = Debug|Any CPU
		{9452E01B-EF8D-4C0F-9599-528D46E12AA5}.Release|Any CPU.ActiveCfg = Release|Any CPU
		{9452E01B-EF8D-4C0F-9599-528D46E12AA5}.Release|Any CPU.Build.0 = Release|Any CPU
		{6AC62991-0A07-4BB2-8861-B9D48D725A07}.Debug|Any CPU.ActiveCfg = Debug|Any CPU
		{6AC62991-0A07-4BB2-8861-B9D48D725A07}.Debug|Any CPU.Build.0 = Debug|Any CPU
		{6AC62991-0A07-4BB2-8861-B9D48D725A07}.Release|Any CPU.ActiveCfg = Release|Any CPU
		{6AC62991-0A07-4BB2-8861-B9D48D725A07}.Release|Any CPU.Build.0 = Release|Any CPU
		{2639D1D2-F45D-47E0-B11C-0ECB1D67D55F}.Debug|Any CPU.ActiveCfg = Debug|Any CPU
		{2639D1D2-F45D-47E0-B11C-0ECB1D67D55F}.Debug|Any CPU.Build.0 = Debug|Any CPU
		{2639D1D2-F45D-47E0-B11C-0ECB1D67D55F}.Release|Any CPU.ActiveCfg = Release|Any CPU
		{2639D1D2-F45D-47E0-B11C-0ECB1D67D55F}.Release|Any CPU.Build.0 = Release|Any CPU
	EndGlobalSection
	GlobalSection(NestedProjects) = preSolution
		{0DDBC80F-FE9C-4B19-AD33-A9307BE8E7DE} = {D4D483FF-AC5D-4416-B2AE-62BE36611CD7}
		{99820DBC-153F-4AA5-83CB-F8DBFA5C09B3} = {D4D483FF-AC5D-4416-B2AE-62BE36611CD7}
		{702CA8C5-32AB-4DF8-A61C-FD76587447F8} = {D4D483FF-AC5D-4416-B2AE-62BE36611CD7}
		{0E2B6215-37F3-4AC2-AF23-61CD438FD804} = {78B9EACD-76FA-4869-BF27-A68830F462C8}
		{5B78D467-DCCC-4D51-B5EA-4792F95BFE9B} = {78B9EACD-76FA-4869-BF27-A68830F462C8}
		{E033C0AD-CD60-4E07-AAC8-E12450EDFAC4} = {78B9EACD-76FA-4869-BF27-A68830F462C8}
		{423E6972-78BF-427A-A642-8E2B6178997D} = {D4D483FF-AC5D-4416-B2AE-62BE36611CD7}
		{BF2415DA-EC6D-4B6B-AD5D-4292F7B8D767} = {78B9EACD-76FA-4869-BF27-A68830F462C8}
		{DACB2FDD-76C2-4C4B-9A2D-EFACBFC07271} = {773A4B86-2EDD-4B20-A70D-ECE16500BDCB}
		{D3DF4483-FC72-46B4-90F4-7397359CC73C} = {773A4B86-2EDD-4B20-A70D-ECE16500BDCB}
		{A054C34D-9A2A-4BCF-B4D7-DC905CE08F31} = {773A4B86-2EDD-4B20-A70D-ECE16500BDCB}
		{4B7DA7B3-8790-4DDF-B630-14E7942EB3B7} = {773A4B86-2EDD-4B20-A70D-ECE16500BDCB}
		{22F63357-ED5B-428D-9F97-C4773B9923AF} = {9815FED8-32BC-48F8-B8A2-91A7C7EB519C}
		{9452E01B-EF8D-4C0F-9599-528D46E12AA5} = {9815FED8-32BC-48F8-B8A2-91A7C7EB519C}
		{6AC62991-0A07-4BB2-8861-B9D48D725A07} = {9815FED8-32BC-48F8-B8A2-91A7C7EB519C}
		{2639D1D2-F45D-47E0-B11C-0ECB1D67D55F} = {9815FED8-32BC-48F8-B8A2-91A7C7EB519C}
	EndGlobalSection
EndGlobal
