
Microsoft Visual Studio Solution File, Format Version 12.00
Project("{FAE04EC0-301F-11D3-BF4B-00C04F79EFBC}") = "TechnikumDirekt.Services.Models", "TechnikumDirekt.Services.Models\TechnikumDirekt.Services.Models.csproj", "{702CA8C5-32AB-4DF8-A61C-FD76587447F8}"
EndProject
Project("{FAE04EC0-301F-11D3-BF4B-00C04F79EFBC}") = "TechnikumDirekt.Services.Interfaces", "TechnikumDirekt.Services.Interfaces\TechnikumDirekt.Services.Interfaces.csproj", "{99820DBC-153F-4AA5-83CB-F8DBFA5C09B3}"
EndProject
Project("{FAE04EC0-301F-11D3-BF4B-00C04F79EFBC}") = "TechnikumDirekt.Services", "TechnikumDirekt.Services\TechnikumDirekt.Services.csproj", "{0DDBC80F-FE9C-4B19-AD33-A9307BE8E7DE}"
EndProject
Project("{FAE04EC0-301F-11D3-BF4B-00C04F79EFBC}") = "TechnikumDirekt.Tests", "TechnikumDirekt.Tests\TechnikumDirekt.Tests.csproj", "{423E6972-78BF-427A-A642-8E2B6178997D}"
EndProject
Global
	GlobalSection(SolutionConfigurationPlatforms) = preSolution
		Debug|Any CPU = Debug|Any CPU
		Release|Any CPU = Release|Any CPU
	EndGlobalSection
	GlobalSection(ProjectConfigurationPlatforms) = postSolution
		{702CA8C5-32AB-4DF8-A61C-FD76587447F8}.Debug|Any CPU.ActiveCfg = Debug|Any CPU
		{702CA8C5-32AB-4DF8-A61C-FD76587447F8}.Debug|Any CPU.Build.0 = Debug|Any CPU
		{702CA8C5-32AB-4DF8-A61C-FD76587447F8}.Release|Any CPU.ActiveCfg = Release|Any CPU
		{702CA8C5-32AB-4DF8-A61C-FD76587447F8}.Release|Any CPU.Build.0 = Release|Any CPU
		{99820DBC-153F-4AA5-83CB-F8DBFA5C09B3}.Debug|Any CPU.ActiveCfg = Debug|Any CPU
		{99820DBC-153F-4AA5-83CB-F8DBFA5C09B3}.Debug|Any CPU.Build.0 = Debug|Any CPU
		{99820DBC-153F-4AA5-83CB-F8DBFA5C09B3}.Release|Any CPU.ActiveCfg = Release|Any CPU
		{99820DBC-153F-4AA5-83CB-F8DBFA5C09B3}.Release|Any CPU.Build.0 = Release|Any CPU
		{0DDBC80F-FE9C-4B19-AD33-A9307BE8E7DE}.Debug|Any CPU.ActiveCfg = Debug|Any CPU
		{0DDBC80F-FE9C-4B19-AD33-A9307BE8E7DE}.Debug|Any CPU.Build.0 = Debug|Any CPU
		{0DDBC80F-FE9C-4B19-AD33-A9307BE8E7DE}.Release|Any CPU.ActiveCfg = Release|Any CPU
		{0DDBC80F-FE9C-4B19-AD33-A9307BE8E7DE}.Release|Any CPU.Build.0 = Release|Any CPU
		{423E6972-78BF-427A-A642-8E2B6178997D}.Debug|Any CPU.ActiveCfg = Debug|Any CPU
		{423E6972-78BF-427A-A642-8E2B6178997D}.Debug|Any CPU.Build.0 = Debug|Any CPU
		{423E6972-78BF-427A-A642-8E2B6178997D}.Release|Any CPU.ActiveCfg = Release|Any CPU
		{423E6972-78BF-427A-A642-8E2B6178997D}.Release|Any CPU.Build.0 = Release|Any CPU
	EndGlobalSection
EndGlobal
